{
  "nodes": {
    "fenix": {
      "inputs": {
        "nixpkgs": [
          "nixpkgs"
        ],
        "rust-analyzer-src": "rust-analyzer-src"
      },
      "locked": {
        "lastModified": 1700720546,
        "narHash": "sha256-p31fe4lp2KBCyUf58mgai1xYjMLl5S0PQiSvv9+1j/Y=",
        "owner": "nix-community",
        "repo": "fenix",
        "rev": "5ade7808d45671b545f3516adf61bc9a604a6246",
        "type": "github"
      },
      "original": {
        "owner": "nix-community",
        "repo": "fenix",
        "type": "github"
      }
    },
    "nixpkgs": {
      "locked": {
        "lastModified": 1703200384,
        "narHash": "sha256-q5j06XOsy0qHOarsYPfZYJPWbTbc8sryRxianlEPJN0=",
        "owner": "NixOS",
        "repo": "nixpkgs",
        "rev": "0b3d618173114c64ab666f557504d6982665d328",
        "type": "github"
      },
      "original": {
        "id": "nixpkgs",
        "ref": "nixos-23.11",
        "type": "indirect"
      }
    },
    "root": {
      "inputs": {
        "fenix": "fenix",
        "nixpkgs": "nixpkgs"
      }
    },
    "rust-analyzer-src": {
      "flake": false,
      "locked": {
        "lastModified": 1700642897,
        "narHash": "sha256-LoyZRcl0bBuSnV9SVqrf+vUxN1u9FeYk4vgQS/kyCOI=",
        "owner": "rust-lang",
        "repo": "rust-analyzer",
        "rev": "7ceefc7ee981f7dd9de4cfdd070696e48b4ab43e",
        "type": "github"
      },
      "original": {
        "owner": "rust-lang",
        "ref": "nightly",
        "repo": "rust-analyzer",
        "type": "github"
      }
    }
  },
  "root": "root",
  "version": 7
}
